
Microsoft Visual Studio Solution File, Format Version 12.00
# Visual Studio Version 17
VisualStudioVersion = 17.7.34024.191
MinimumVisualStudioVersion = 10.0.40219.1
Project("{FAE04EC0-301F-11D3-BF4B-00C04F79EFBC}") = "Actions_WebAPI", "Actions_WebAPI\Actions_WebAPI.csproj", "{7B0B4E0F-6B31-400F-AA68-865210CEDCAA}"
EndProject
Global
	GlobalSection(SolutionConfigurationPlatforms) = preSolution
		Debug|Any CPU = Debug|Any CPU
		Release|Any CPU = Release|Any CPU
	EndGlobalSection
	GlobalSection(ProjectConfigurationPlatforms) = postSolution
		{7B0B4E0F-6B31-400F-AA68-865210CEDCAA}.Debug|Any CPU.ActiveCfg = Debug|Any CPU
		{7B0B4E0F-6B31-400F-AA68-865210CEDCAA}.Debug|Any CPU.Build.0 = Debug|Any CPU
		{7B0B4E0F-6B31-400F-AA68-865210CEDCAA}.Release|Any CPU.ActiveCfg = Release|Any CPU
		{7B0B4E0F-6B31-400F-AA68-865210CEDCAA}.Release|Any CPU.Build.0 = Release|Any CPU
	EndGlobalSection
	GlobalSection(SolutionProperties) = preSolution
		HideSolutionNode = FALSE
	EndGlobalSection
	GlobalSection(ExtensibilityGlobals) = postSolution
		SolutionGuid = {683D6C4E-1588-42EE-AFD6-79712E0CE55A}
	EndGlobalSection
EndGlobal
